
Microsoft Visual Studio Solution File, Format Version 11.00
# Visual Studio 2010
Project("{FAE04EC0-301F-11D3-BF4B-00C04F79EFBC}") = "MatchServerLib", "MatchServerLib\MatchServerLib.csproj", "{6A1DCBE3-A2CB-4F4B-AA27-7CA4BBA43CC0}"
EndProject
Project("{FAE04EC0-301F-11D3-BF4B-00C04F79EFBC}") = "MatchHost", "MatchHost\MatchHost.csproj", "{7EFF4244-5289-4256-8B43-207F5525AFD8}"
EndProject
Project("{FAE04EC0-301F-11D3-BF4B-00C04F79EFBC}") = "MatchClient", "MatchClient\MatchClient.csproj", "{50FC9413-75FF-44FB-AF64-5F7EE1917253}"
EndProject
Project("{FAE04EC0-301F-11D3-BF4B-00C04F79EFBC}") = "WpfMatchClient", "WpfMatchClient\WpfMatchClient.csproj", "{175E4AA5-3F13-4997-ABCF-1AE197F137C7}"
EndProject
Global
	GlobalSection(SolutionConfigurationPlatforms) = preSolution
		Debug|Any CPU = Debug|Any CPU
		Debug|Mixed Platforms = Debug|Mixed Platforms
		Debug|x86 = Debug|x86
		Release|Any CPU = Release|Any CPU
		Release|Mixed Platforms = Release|Mixed Platforms
		Release|x86 = Release|x86
	EndGlobalSection
	GlobalSection(ProjectConfigurationPlatforms) = postSolution
		{6A1DCBE3-A2CB-4F4B-AA27-7CA4BBA43CC0}.Debug|Any CPU.ActiveCfg = Debug|Any CPU
		{6A1DCBE3-A2CB-4F4B-AA27-7CA4BBA43CC0}.Debug|Any CPU.Build.0 = Debug|Any CPU
		{6A1DCBE3-A2CB-4F4B-AA27-7CA4BBA43CC0}.Debug|Mixed Platforms.ActiveCfg = Debug|Any CPU
		{6A1DCBE3-A2CB-4F4B-AA27-7CA4BBA43CC0}.Debug|Mixed Platforms.Build.0 = Debug|Any CPU
		{6A1DCBE3-A2CB-4F4B-AA27-7CA4BBA43CC0}.Debug|x86.ActiveCfg = Debug|Any CPU
		{6A1DCBE3-A2CB-4F4B-AA27-7CA4BBA43CC0}.Release|Any CPU.ActiveCfg = Release|Any CPU
		{6A1DCBE3-A2CB-4F4B-AA27-7CA4BBA43CC0}.Release|Any CPU.Build.0 = Release|Any CPU
		{6A1DCBE3-A2CB-4F4B-AA27-7CA4BBA43CC0}.Release|Mixed Platforms.ActiveCfg = Release|Any CPU
		{6A1DCBE3-A2CB-4F4B-AA27-7CA4BBA43CC0}.Release|Mixed Platforms.Build.0 = Release|Any CPU
		{6A1DCBE3-A2CB-4F4B-AA27-7CA4BBA43CC0}.Release|x86.ActiveCfg = Release|Any CPU
		{7EFF4244-5289-4256-8B43-207F5525AFD8}.Debug|Any CPU.ActiveCfg = Debug|x86
		{7EFF4244-5289-4256-8B43-207F5525AFD8}.Debug|Mixed Platforms.ActiveCfg = Debug|x86
		{7EFF4244-5289-4256-8B43-207F5525AFD8}.Debug|Mixed Platforms.Build.0 = Debug|x86
		{7EFF4244-5289-4256-8B43-207F5525AFD8}.Debug|x86.ActiveCfg = Debug|x86
		{7EFF4244-5289-4256-8B43-207F5525AFD8}.Debug|x86.Build.0 = Debug|x86
		{7EFF4244-5289-4256-8B43-207F5525AFD8}.Release|Any CPU.ActiveCfg = Release|x86
		{7EFF4244-5289-4256-8B43-207F5525AFD8}.Release|Mixed Platforms.ActiveCfg = Release|x86
		{7EFF4244-5289-4256-8B43-207F5525AFD8}.Release|Mixed Platforms.Build.0 = Release|x86
		{7EFF4244-5289-4256-8B43-207F5525AFD8}.Release|x86.ActiveCfg = Release|x86
		{7EFF4244-5289-4256-8B43-207F5525AFD8}.Release|x86.Build.0 = Release|x86
		{50FC9413-75FF-44FB-AF64-5F7EE1917253}.Debug|Any CPU.ActiveCfg = Debug|x86
		{50FC9413-75FF-44FB-AF64-5F7EE1917253}.Debug|Mixed Platforms.ActiveCfg = Debug|x86
		{50FC9413-75FF-44FB-AF64-5F7EE1917253}.Debug|Mixed Platforms.Build.0 = Debug|x86
		{50FC9413-75FF-44FB-AF64-5F7EE1917253}.Debug|x86.ActiveCfg = Debug|x86
		{50FC9413-75FF-44FB-AF64-5F7EE1917253}.Debug|x86.Build.0 = Debug|x86
		{50FC9413-75FF-44FB-AF64-5F7EE1917253}.Release|Any CPU.ActiveCfg = Release|x86
		{50FC9413-75FF-44FB-AF64-5F7EE1917253}.Release|Mixed Platforms.ActiveCfg = Release|x86
		{50FC9413-75FF-44FB-AF64-5F7EE1917253}.Release|Mixed Platforms.Build.0 = Release|x86
		{50FC9413-75FF-44FB-AF64-5F7EE1917253}.Release|x86.ActiveCfg = Release|x86
		{50FC9413-75FF-44FB-AF64-5F7EE1917253}.Release|x86.Build.0 = Release|x86
		{175E4AA5-3F13-4997-ABCF-1AE197F137C7}.Debug|Any CPU.ActiveCfg = Debug|x86
		{175E4AA5-3F13-4997-ABCF-1AE197F137C7}.Debug|Mixed Platforms.ActiveCfg = Debug|x86
		{175E4AA5-3F13-4997-ABCF-1AE197F137C7}.Debug|Mixed Platforms.Build.0 = Debug|x86
		{175E4AA5-3F13-4997-ABCF-1AE197F137C7}.Debug|x86.ActiveCfg = Debug|x86
		{175E4AA5-3F13-4997-ABCF-1AE197F137C7}.Debug|x86.Build.0 = Debug|x86
		{175E4AA5-3F13-4997-ABCF-1AE197F137C7}.Release|Any CPU.ActiveCfg = Release|x86
		{175E4AA5-3F13-4997-ABCF-1AE197F137C7}.Release|Mixed Platforms.ActiveCfg = Release|x86
		{175E4AA5-3F13-4997-ABCF-1AE197F137C7}.Release|Mixed Platforms.Build.0 = Release|x86
		{175E4AA5-3F13-4997-ABCF-1AE197F137C7}.Release|x86.ActiveCfg = Release|x86
		{175E4AA5-3F13-4997-ABCF-1AE197F137C7}.Release|x86.Build.0 = Release|x86
	EndGlobalSection
	GlobalSection(SolutionProperties) = preSolution
		HideSolutionNode = FALSE
	EndGlobalSection
EndGlobal
